# This file is automatically @generated by Cargo.
# It is not intended for manual editing.
version = 4

[[package]]
name = "datir"
version = "0.1.0"
dependencies = [
 "decls-gen",
]

[[package]]
name = "decls-gen"
version = "0.1.0"
source = "git+https://github.com/olegian/daikon-rust-decls-gen#55973bd58d52d6a8104c8ff645625eef368896d8"
